// !$*UTF8*$!
{
	archiveVersion = 1;
	classes = {
	};
	objectVersion = 50;
	objects = {

/* Begin PBXBuildFile section */
		C00117DF2591349C00BAB1AC /* main.cpp in Sources */ = {isa = PBXBuildFile; fileRef = C00117DE2591349C00BAB1AC /* main.cpp */; };
		C01FA8532833DF1200B2F991 /* ParseException.cpp in Sources */ = {isa = PBXBuildFile; fileRef = C01FA8512833DF1200B2F991 /* ParseException.cpp */; };
		C03FC751282EF767007E1514 /* Controller.cpp in Sources */ = {isa = PBXBuildFile; fileRef = C03FC74F282EF767007E1514 /* Controller.cpp */; };
		C03FC75D282F31A8007E1514 /* Command.cpp in Sources */ = {isa = PBXBuildFile; fileRef = C03FC75B282F31A8007E1514 /* Command.cpp */; };
		C03FC763282F3BF0007E1514 /* CommandParser.cpp in Sources */ = {isa = PBXBuildFile; fileRef = C03FC761282F3BF0007E1514 /* CommandParser.cpp */; };
		C04EEA2F282D25850088F587 /* Street.cpp in Sources */ = {isa = PBXBuildFile; fileRef = C04EEA2D282D25850088F587 /* Street.cpp */; };
		C04EEA32282D25A30088F587 /* Intersection.cpp in Sources */ = {isa = PBXBuildFile; fileRef = C04EEA30282D25A30088F587 /* Intersection.cpp */; };
		C051870725ACD3BF00273814 /* CityMap.cpp in Sources */ = {isa = PBXBuildFile; fileRef = C051870525ACD3BF00273814 /* CityMap.cpp */; };
		C07D63492831305400E9C7CC /* CustomException.cpp in Sources */ = {isa = PBXBuildFile; fileRef = C07D63472831305400E9C7CC /* CustomException.cpp */; };
		C07D634C283130BE00E9C7CC /* InvalidArgumentsCountException.cpp in Sources */ = {isa = PBXBuildFile; fileRef = C07D634A283130BE00E9C7CC /* InvalidArgumentsCountException.cpp */; };
/* End PBXBuildFile section */

/* Begin PBXCopyFilesBuildPhase section */
		C00117D92591349C00BAB1AC /* CopyFiles */ = {
			isa = PBXCopyFilesBuildPhase;
			buildActionMask = 2147483647;
			dstPath = /usr/share/man/man1/;
			dstSubfolderSpec = 0;
			files = (
			);
			runOnlyForDeploymentPostprocessing = 1;
		};
/* End PBXCopyFilesBuildPhase section */

/* Begin PBXFileReference section */
		C00117DB2591349C00BAB1AC /* City Map */ = {isa = PBXFileReference; explicitFileType = "compiled.mach-o.executable"; includeInIndex = 0; path = "City Map"; sourceTree = BUILT_PRODUCTS_DIR; };
		C00117DE2591349C00BAB1AC /* main.cpp */ = {isa = PBXFileReference; lastKnownFileType = sourcecode.cpp.cpp; path = main.cpp; sourceTree = "<group>"; };
		C01FA8512833DF1200B2F991 /* ParseException.cpp */ = {isa = PBXFileReference; lastKnownFileType = sourcecode.cpp.cpp; path = ParseException.cpp; sourceTree = "<group>"; };
		C01FA8522833DF1200B2F991 /* ParseException.hpp */ = {isa = PBXFileReference; lastKnownFileType = sourcecode.cpp.h; path = ParseException.hpp; sourceTree = "<group>"; };
		C03FC74F282EF767007E1514 /* Controller.cpp */ = {isa = PBXFileReference; lastKnownFileType = sourcecode.cpp.cpp; path = Controller.cpp; sourceTree = "<group>"; };
		C03FC750282EF767007E1514 /* Controller.hpp */ = {isa = PBXFileReference; lastKnownFileType = sourcecode.cpp.h; path = Controller.hpp; sourceTree = "<group>"; };
		C03FC75B282F31A8007E1514 /* Command.cpp */ = {isa = PBXFileReference; lastKnownFileType = sourcecode.cpp.cpp; path = Command.cpp; sourceTree = "<group>"; };
		C03FC75C282F31A8007E1514 /* Command.hpp */ = {isa = PBXFileReference; lastKnownFileType = sourcecode.cpp.h; path = Command.hpp; sourceTree = "<group>"; };
		C03FC761282F3BF0007E1514 /* CommandParser.cpp */ = {isa = PBXFileReference; lastKnownFileType = sourcecode.cpp.cpp; path = CommandParser.cpp; sourceTree = "<group>"; };
		C03FC762282F3BF0007E1514 /* CommandParser.hpp */ = {isa = PBXFileReference; lastKnownFileType = sourcecode.cpp.h; path = CommandParser.hpp; sourceTree = "<group>"; };
		C04EEA2D282D25850088F587 /* Street.cpp */ = {isa = PBXFileReference; lastKnownFileType = sourcecode.cpp.cpp; path = Street.cpp; sourceTree = "<group>"; };
		C04EEA2E282D25850088F587 /* Street.hpp */ = {isa = PBXFileReference; lastKnownFileType = sourcecode.cpp.h; path = Street.hpp; sourceTree = "<group>"; };
		C04EEA30282D25A30088F587 /* Intersection.cpp */ = {isa = PBXFileReference; lastKnownFileType = sourcecode.cpp.cpp; path = Intersection.cpp; sourceTree = "<group>"; };
		C04EEA31282D25A30088F587 /* Intersection.hpp */ = {isa = PBXFileReference; lastKnownFileType = sourcecode.cpp.h; path = Intersection.hpp; sourceTree = "<group>"; };
		C051870525ACD3BF00273814 /* CityMap.cpp */ = {isa = PBXFileReference; lastKnownFileType = sourcecode.cpp.cpp; path = CityMap.cpp; sourceTree = "<group>"; };
		C051870625ACD3BF00273814 /* CityMap.hpp */ = {isa = PBXFileReference; lastKnownFileType = sourcecode.cpp.h; path = CityMap.hpp; sourceTree = "<group>"; };
		C07D63472831305400E9C7CC /* CustomException.cpp */ = {isa = PBXFileReference; lastKnownFileType = sourcecode.cpp.cpp; path = CustomException.cpp; sourceTree = "<group>"; };
		C07D63482831305400E9C7CC /* CustomException.hpp */ = {isa = PBXFileReference; lastKnownFileType = sourcecode.cpp.h; path = CustomException.hpp; sourceTree = "<group>"; };
		C07D634A283130BE00E9C7CC /* InvalidArgumentsCountException.cpp */ = {isa = PBXFileReference; lastKnownFileType = sourcecode.cpp.cpp; path = InvalidArgumentsCountException.cpp; sourceTree = "<group>"; };
		C07D634B283130BE00E9C7CC /* InvalidArgumentsCountException.hpp */ = {isa = PBXFileReference; lastKnownFileType = sourcecode.cpp.h; path = InvalidArgumentsCountException.hpp; sourceTree = "<group>"; };
/* End PBXFileReference section */

/* Begin PBXFrameworksBuildPhase section */
		C00117D82591349C00BAB1AC /* Frameworks */ = {
			isa = PBXFrameworksBuildPhase;
			buildActionMask = 2147483647;
			files = (
			);
			runOnlyForDeploymentPostprocessing = 0;
		};
/* End PBXFrameworksBuildPhase section */

/* Begin PBXGroup section */
		C00117D22591349C00BAB1AC = {
			isa = PBXGroup;
			children = (
				C00117DD2591349C00BAB1AC /* City Map */,
				C00117DC2591349C00BAB1AC /* Products */,
			);
			sourceTree = "<group>";
		};
		C00117DC2591349C00BAB1AC /* Products */ = {
			isa = PBXGroup;
			children = (
				C00117DB2591349C00BAB1AC /* City Map */,
			);
			name = Products;
			sourceTree = "<group>";
		};
		C00117DD2591349C00BAB1AC /* City Map */ = {
			isa = PBXGroup;
			children = (
				C04EEA2E282D25850088F587 /* Street.hpp */,
				C04EEA2D282D25850088F587 /* Street.cpp */,
				C04EEA31282D25A30088F587 /* Intersection.hpp */,
				C04EEA30282D25A30088F587 /* Intersection.cpp */,
				C051870625ACD3BF00273814 /* CityMap.hpp */,
				C051870525ACD3BF00273814 /* CityMap.cpp */,
				C03FC75C282F31A8007E1514 /* Command.hpp */,
				C03FC75B282F31A8007E1514 /* Command.cpp */,
				C03FC762282F3BF0007E1514 /* CommandParser.hpp */,
				C03FC761282F3BF0007E1514 /* CommandParser.cpp */,
				C03FC750282EF767007E1514 /* Controller.hpp */,
				C03FC74F282EF767007E1514 /* Controller.cpp */,
				C00117DE2591349C00BAB1AC /* main.cpp */,
				C07D63482831305400E9C7CC /* CustomException.hpp */,
				C07D63472831305400E9C7CC /* CustomException.cpp */,
				C07D634B283130BE00E9C7CC /* InvalidArgumentsCountException.hpp */,
				C07D634A283130BE00E9C7CC /* InvalidArgumentsCountException.cpp */,
				C01FA8522833DF1200B2F991 /* ParseException.hpp */,
				C01FA8512833DF1200B2F991 /* ParseException.cpp */,
			);
			path = "City Map";
			sourceTree = "<group>";
		};
/* End PBXGroup section */

/* Begin PBXNativeTarget section */
		C00117DA2591349C00BAB1AC /* City Map */ = {
			isa = PBXNativeTarget;
			buildConfigurationList = C00117E22591349C00BAB1AC /* Build configuration list for PBXNativeTarget "City Map" */;
			buildPhases = (
				C00117D72591349C00BAB1AC /* Sources */,
				C00117D82591349C00BAB1AC /* Frameworks */,
				C00117D92591349C00BAB1AC /* CopyFiles */,
			);
			buildRules = (
			);
			dependencies = (
			);
			name = "City Map";
			productName = "City Map";
			productReference = C00117DB2591349C00BAB1AC /* City Map */;
			productType = "com.apple.product-type.tool";
		};
/* End PBXNativeTarget section */

/* Begin PBXProject section */
		C00117D32591349C00BAB1AC /* Project object */ = {
			isa = PBXProject;
			attributes = {
				LastUpgradeCheck = 1230;
				TargetAttributes = {
					C00117DA2591349C00BAB1AC = {
						CreatedOnToolsVersion = 12.3;
					};
				};
			};
			buildConfigurationList = C00117D62591349C00BAB1AC /* Build configuration list for PBXProject "City Map" */;
			compatibilityVersion = "Xcode 9.3";
			developmentRegion = en;
			hasScannedForEncodings = 0;
			knownRegions = (
				en,
				Base,
			);
			mainGroup = C00117D22591349C00BAB1AC;
			productRefGroup = C00117DC2591349C00BAB1AC /* Products */;
			projectDirPath = "";
			projectRoot = "";
			targets = (
				C00117DA2591349C00BAB1AC /* City Map */,
			);
		};
/* End PBXProject section */

/* Begin PBXSourcesBuildPhase section */
		C00117D72591349C00BAB1AC /* Sources */ = {
			isa = PBXSourcesBuildPhase;
			buildActionMask = 2147483647;
			files = (
				C04EEA32282D25A30088F587 /* Intersection.cpp in Sources */,
				C03FC75D282F31A8007E1514 /* Command.cpp in Sources */,
				C04EEA2F282D25850088F587 /* Street.cpp in Sources */,
				C07D634C283130BE00E9C7CC /* InvalidArgumentsCountException.cpp in Sources */,
				C03FC751282EF767007E1514 /* Controller.cpp in Sources */,
				C01FA8532833DF1200B2F991 /* ParseException.cpp in Sources */,
				C00117DF2591349C00BAB1AC /* main.cpp in Sources */,
				C03FC763282F3BF0007E1514 /* CommandParser.cpp in Sources */,
				C07D63492831305400E9C7CC /* CustomException.cpp in Sources */,
				C051870725ACD3BF00273814 /* CityMap.cpp in Sources */,
			);
			runOnlyForDeploymentPostprocessing = 0;
		};
/* End PBXSourcesBuildPhase section */

/* Begin XCBuildConfiguration section */
		C00117E02591349C00BAB1AC /* Debug */ = {
			isa = XCBuildConfiguration;
			buildSettings = {
				ALWAYS_SEARCH_USER_PATHS = NO;
				CLANG_ANALYZER_NONNULL = YES;
				CLANG_ANALYZER_NUMBER_OBJECT_CONVERSION = YES_AGGRESSIVE;
				CLANG_CXX_LANGUAGE_STANDARD = "gnu++20";
				CLANG_CXX_LIBRARY = "libc++";
				CLANG_ENABLE_MODULES = YES;
				CLANG_ENABLE_OBJC_ARC = YES;
				CLANG_ENABLE_OBJC_WEAK = YES;
				CLANG_WARN_BLOCK_CAPTURE_AUTORELEASING = YES;
				CLANG_WARN_BOOL_CONVERSION = YES;
				CLANG_WARN_COMMA = YES;
				CLANG_WARN_CONSTANT_CONVERSION = YES;
				CLANG_WARN_DEPRECATED_OBJC_IMPLEMENTATIONS = YES;
				CLANG_WARN_DIRECT_OBJC_ISA_USAGE = YES_ERROR;
				CLANG_WARN_DOCUMENTATION_COMMENTS = YES;
				CLANG_WARN_EMPTY_BODY = YES;
				CLANG_WARN_ENUM_CONVERSION = YES;
				CLANG_WARN_INFINITE_RECURSION = YES;
				CLANG_WARN_INT_CONVERSION = YES;
				CLANG_WARN_NON_LITERAL_NULL_CONVERSION = YES;
				CLANG_WARN_OBJC_IMPLICIT_RETAIN_SELF = YES;
				CLANG_WARN_OBJC_LITERAL_CONVERSION = YES;
				CLANG_WARN_OBJC_ROOT_CLASS = YES_ERROR;
				CLANG_WARN_QUOTED_INCLUDE_IN_FRAMEWORK_HEADER = YES;
				CLANG_WARN_RANGE_LOOP_ANALYSIS = YES;
				CLANG_WARN_STRICT_PROTOTYPES = YES;
				CLANG_WARN_SUSPICIOUS_MOVE = YES;
				CLANG_WARN_UNGUARDED_AVAILABILITY = YES_AGGRESSIVE;
				CLANG_WARN_UNREACHABLE_CODE = YES;
				CLANG_WARN__DUPLICATE_METHOD_MATCH = YES;
				COPY_PHASE_STRIP = NO;
				DEBUG_INFORMATION_FORMAT = dwarf;
				ENABLE_STRICT_OBJC_MSGSEND = YES;
				ENABLE_TESTABILITY = YES;
				GCC_C_LANGUAGE_STANDARD = gnu11;
				GCC_DYNAMIC_NO_PIC = NO;
				GCC_NO_COMMON_BLOCKS = YES;
				GCC_OPTIMIZATION_LEVEL = 0;
				GCC_PREPROCESSOR_DEFINITIONS = (
					"DEBUG=1",
					"$(inherited)",
				);
				GCC_WARN_64_TO_32_BIT_CONVERSION = YES;
				GCC_WARN_ABOUT_RETURN_TYPE = YES_ERROR;
				GCC_WARN_UNDECLARED_SELECTOR = YES;
				GCC_WARN_UNINITIALIZED_AUTOS = YES_AGGRESSIVE;
				GCC_WARN_UNUSED_FUNCTION = YES;
				GCC_WARN_UNUSED_VARIABLE = YES;
				MACOSX_DEPLOYMENT_TARGET = 11.1;
				MTL_ENABLE_DEBUG_INFO = INCLUDE_SOURCE;
				MTL_FAST_MATH = YES;
				ONLY_ACTIVE_ARCH = YES;
				SDKROOT = macosx;
			};
			name = Debug;
		};
		C00117E12591349C00BAB1AC /* Release */ = {
			isa = XCBuildConfiguration;
			buildSettings = {
				ALWAYS_SEARCH_USER_PATHS = NO;
				CLANG_ANALYZER_NONNULL = YES;
				CLANG_ANALYZER_NUMBER_OBJECT_CONVERSION = YES_AGGRESSIVE;
				CLANG_CXX_LANGUAGE_STANDARD = "gnu++20";
				CLANG_CXX_LIBRARY = "libc++";
				CLANG_ENABLE_MODULES = YES;
				CLANG_ENABLE_OBJC_ARC = YES;
				CLANG_ENABLE_OBJC_WEAK = YES;
				CLANG_WARN_BLOCK_CAPTURE_AUTORELEASING = YES;
				CLANG_WARN_BOOL_CONVERSION = YES;
				CLANG_WARN_COMMA = YES;
				CLANG_WARN_CONSTANT_CONVERSION = YES;
				CLANG_WARN_DEPRECATED_OBJC_IMPLEMENTATIONS = YES;
				CLANG_WARN_DIRECT_OBJC_ISA_USAGE = YES_ERROR;
				CLANG_WARN_DOCUMENTATION_COMMENTS = YES;
				CLANG_WARN_EMPTY_BODY = YES;
				CLANG_WARN_ENUM_CONVERSION = YES;
				CLANG_WARN_INFINITE_RECURSION = YES;
				CLANG_WARN_INT_CONVERSION = YES;
				CLANG_WARN_NON_LITERAL_NULL_CONVERSION = YES;
				CLANG_WARN_OBJC_IMPLICIT_RETAIN_SELF = YES;
				CLANG_WARN_OBJC_LITERAL_CONVERSION = YES;
				CLANG_WARN_OBJC_ROOT_CLASS = YES_ERROR;
				CLANG_WARN_QUOTED_INCLUDE_IN_FRAMEWORK_HEADER = YES;
				CLANG_WARN_RANGE_LOOP_ANALYSIS = YES;
				CLANG_WARN_STRICT_PROTOTYPES = YES;
				CLANG_WARN_SUSPICIOUS_MOVE = YES;
				CLANG_WARN_UNGUARDED_AVAILABILITY = YES_AGGRESSIVE;
				CLANG_WARN_UNREACHABLE_CODE = YES;
				CLANG_WARN__DUPLICATE_METHOD_MATCH = YES;
				COPY_PHASE_STRIP = NO;
				DEBUG_INFORMATION_FORMAT = "dwarf-with-dsym";
				ENABLE_NS_ASSERTIONS = NO;
				ENABLE_STRICT_OBJC_MSGSEND = YES;
				GCC_C_LANGUAGE_STANDARD = gnu11;
				GCC_NO_COMMON_BLOCKS = YES;
				GCC_WARN_64_TO_32_BIT_CONVERSION = YES;
				GCC_WARN_ABOUT_RETURN_TYPE = YES_ERROR;
				GCC_WARN_UNDECLARED_SELECTOR = YES;
				GCC_WARN_UNINITIALIZED_AUTOS = YES_AGGRESSIVE;
				GCC_WARN_UNUSED_FUNCTION = YES;
				GCC_WARN_UNUSED_VARIABLE = YES;
				MACOSX_DEPLOYMENT_TARGET = 11.1;
				MTL_ENABLE_DEBUG_INFO = NO;
				MTL_FAST_MATH = YES;
				SDKROOT = macosx;
			};
			name = Release;
		};
		C00117E32591349C00BAB1AC /* Debug */ = {
			isa = XCBuildConfiguration;
			buildSettings = {
				CODE_SIGN_STYLE = Automatic;
				DEVELOPMENT_TEAM = 2F3A9Y3XXN;
				ENABLE_HARDENED_RUNTIME = YES;
				PRODUCT_NAME = "$(TARGET_NAME)";
			};
			name = Debug;
		};
		C00117E42591349C00BAB1AC /* Release */ = {
			isa = XCBuildConfiguration;
			buildSettings = {
				CODE_SIGN_STYLE = Automatic;
				DEVELOPMENT_TEAM = 2F3A9Y3XXN;
				ENABLE_HARDENED_RUNTIME = YES;
				PRODUCT_NAME = "$(TARGET_NAME)";
			};
			name = Release;
		};
/* End XCBuildConfiguration section */

/* Begin XCConfigurationList section */
		C00117D62591349C00BAB1AC /* Build configuration list for PBXProject "City Map" */ = {
			isa = XCConfigurationList;
			buildConfigurations = (
				C00117E02591349C00BAB1AC /* Debug */,
				C00117E12591349C00BAB1AC /* Release */,
			);
			defaultConfigurationIsVisible = 0;
			defaultConfigurationName = Release;
		};
		C00117E22591349C00BAB1AC /* Build configuration list for PBXNativeTarget "City Map" */ = {
			isa = XCConfigurationList;
			buildConfigurations = (
				C00117E32591349C00BAB1AC /* Debug */,
				C00117E42591349C00BAB1AC /* Release */,
			);
			defaultConfigurationIsVisible = 0;
			defaultConfigurationName = Release;
		};
/* End XCConfigurationList section */
	};
	rootObject = C00117D32591349C00BAB1AC /* Project object */;
}
